
Microsoft Visual Studio Solution File, Format Version 12.00
# Visual Studio Version 17
VisualStudioVersion = 17.9.34728.123
MinimumVisualStudioVersion = 10.0.40219.1
Project("{FAE04EC0-301F-11D3-BF4B-00C04F79EFBC}") = "NZWalks.API", "NZWalks.API\NZWalks.API.csproj", "{C9BB6992-485A-489F-B56A-34B7AEDCB706}"
EndProject
Global
	GlobalSection(SolutionConfigurationPlatforms) = preSolution
		Debug|Any CPU = Debug|Any CPU
		Release|Any CPU = Release|Any CPU
	EndGlobalSection
	GlobalSection(ProjectConfigurationPlatforms) = postSolution
		{C9BB6992-485A-489F-B56A-34B7AEDCB706}.Debug|Any CPU.ActiveCfg = Debug|Any CPU
		{C9BB6992-485A-489F-B56A-34B7AEDCB706}.Debug|Any CPU.Build.0 = Debug|Any CPU
		{C9BB6992-485A-489F-B56A-34B7AEDCB706}.Release|Any CPU.ActiveCfg = Release|Any CPU
		{C9BB6992-485A-489F-B56A-34B7AEDCB706}.Release|Any CPU.Build.0 = Release|Any CPU
	EndGlobalSection
	GlobalSection(SolutionProperties) = preSolution
		HideSolutionNode = FALSE
	EndGlobalSection
	GlobalSection(ExtensibilityGlobals) = postSolution
		SolutionGuid = {6113D3CF-F7FC-46F0-A341-FB426E2BA7A9}
	EndGlobalSection
EndGlobal
